// !$*UTF8*$!
{
	archiveVersion = 1;
	classes = {
	};
	objectVersion = 50;
	objects = {

/* Begin PBXBuildFile section */
		688FD2E323EDFD3D005B87D1 /* AppDelegate.swift in Sources */ = {isa = PBXBuildFile; fileRef = 688FD2E223EDFD3D005B87D1 /* AppDelegate.swift */; };
		688FD2E523EDFD3D005B87D1 /* SceneDelegate.swift in Sources */ = {isa = PBXBuildFile; fileRef = 688FD2E423EDFD3D005B87D1 /* SceneDelegate.swift */; };
		688FD2EC23EDFD40005B87D1 /* Assets.xcassets in Resources */ = {isa = PBXBuildFile; fileRef = 688FD2EB23EDFD40005B87D1 /* Assets.xcassets */; };
		688FD2EF23EDFD40005B87D1 /* LaunchScreen.storyboard in Resources */ = {isa = PBXBuildFile; fileRef = 688FD2ED23EDFD40005B87D1 /* LaunchScreen.storyboard */; };
		688FD2F723EDFE59005B87D1 /* BaseTabBarController.swift in Sources */ = {isa = PBXBuildFile; fileRef = 688FD2F623EDFE59005B87D1 /* BaseTabBarController.swift */; };
		688FD2F923EE032E005B87D1 /* TodayVC.swift in Sources */ = {isa = PBXBuildFile; fileRef = 688FD2F823EE032E005B87D1 /* TodayVC.swift */; };
		688FD2FB23EE0359005B87D1 /* AppsVC.swift in Sources */ = {isa = PBXBuildFile; fileRef = 688FD2FA23EE0359005B87D1 /* AppsVC.swift */; };
		688FD2FD23EE037F005B87D1 /* SearchVC.swift in Sources */ = {isa = PBXBuildFile; fileRef = 688FD2FC23EE037F005B87D1 /* SearchVC.swift */; };
		688FD2FF23EE06D2005B87D1 /* Constants.swift in Sources */ = {isa = PBXBuildFile; fileRef = 688FD2FE23EE06D2005B87D1 /* Constants.swift */; };
		688FD30323EE19B9005B87D1 /* SearchCell.swift in Sources */ = {isa = PBXBuildFile; fileRef = 688FD30223EE19B9005B87D1 /* SearchCell.swift */; };
		688FD30623EE2367005B87D1 /* UIView.swift in Sources */ = {isa = PBXBuildFile; fileRef = 688FD30523EE2367005B87D1 /* UIView.swift */; };
/* End PBXBuildFile section */

/* Begin PBXFileReference section */
		688FD2DF23EDFD3D005B87D1 /* MusicSearchApp.app */ = {isa = PBXFileReference; explicitFileType = wrapper.application; includeInIndex = 0; path = MusicSearchApp.app; sourceTree = BUILT_PRODUCTS_DIR; };
		688FD2E223EDFD3D005B87D1 /* AppDelegate.swift */ = {isa = PBXFileReference; lastKnownFileType = sourcecode.swift; path = AppDelegate.swift; sourceTree = "<group>"; };
		688FD2E423EDFD3D005B87D1 /* SceneDelegate.swift */ = {isa = PBXFileReference; lastKnownFileType = sourcecode.swift; path = SceneDelegate.swift; sourceTree = "<group>"; };
		688FD2EB23EDFD40005B87D1 /* Assets.xcassets */ = {isa = PBXFileReference; lastKnownFileType = folder.assetcatalog; path = Assets.xcassets; sourceTree = "<group>"; };
		688FD2EE23EDFD40005B87D1 /* Base */ = {isa = PBXFileReference; lastKnownFileType = file.storyboard; name = Base; path = Base.lproj/LaunchScreen.storyboard; sourceTree = "<group>"; };
		688FD2F023EDFD40005B87D1 /* Info.plist */ = {isa = PBXFileReference; lastKnownFileType = text.plist.xml; path = Info.plist; sourceTree = "<group>"; };
		688FD2F623EDFE59005B87D1 /* BaseTabBarController.swift */ = {isa = PBXFileReference; lastKnownFileType = sourcecode.swift; path = BaseTabBarController.swift; sourceTree = "<group>"; };
		688FD2F823EE032E005B87D1 /* TodayVC.swift */ = {isa = PBXFileReference; lastKnownFileType = sourcecode.swift; path = TodayVC.swift; sourceTree = "<group>"; };
		688FD2FA23EE0359005B87D1 /* AppsVC.swift */ = {isa = PBXFileReference; lastKnownFileType = sourcecode.swift; path = AppsVC.swift; sourceTree = "<group>"; };
		688FD2FC23EE037F005B87D1 /* SearchVC.swift */ = {isa = PBXFileReference; lastKnownFileType = sourcecode.swift; path = SearchVC.swift; sourceTree = "<group>"; };
		688FD2FE23EE06D2005B87D1 /* Constants.swift */ = {isa = PBXFileReference; lastKnownFileType = sourcecode.swift; path = Constants.swift; sourceTree = "<group>"; };
		688FD30223EE19B9005B87D1 /* SearchCell.swift */ = {isa = PBXFileReference; lastKnownFileType = sourcecode.swift; path = SearchCell.swift; sourceTree = "<group>"; };
		688FD30523EE2367005B87D1 /* UIView.swift */ = {isa = PBXFileReference; lastKnownFileType = sourcecode.swift; path = UIView.swift; sourceTree = "<group>"; };
/* End PBXFileReference section */

/* Begin PBXFrameworksBuildPhase section */
		688FD2DC23EDFD3D005B87D1 /* Frameworks */ = {
			isa = PBXFrameworksBuildPhase;
			buildActionMask = 2147483647;
			files = (
			);
			runOnlyForDeploymentPostprocessing = 0;
		};
/* End PBXFrameworksBuildPhase section */

/* Begin PBXGroup section */
		688FD2D623EDFD3D005B87D1 = {
			isa = PBXGroup;
			children = (
				688FD2E123EDFD3D005B87D1 /* MusicSearchApp */,
				688FD2E023EDFD3D005B87D1 /* Products */,
			);
			sourceTree = "<group>";
		};
		688FD2E023EDFD3D005B87D1 /* Products */ = {
			isa = PBXGroup;
			children = (
				688FD2DF23EDFD3D005B87D1 /* MusicSearchApp.app */,
			);
			name = Products;
			sourceTree = "<group>";
		};
		688FD2E123EDFD3D005B87D1 /* MusicSearchApp */ = {
			isa = PBXGroup;
			children = (
				688FD30423EE234C005B87D1 /* Extensions */,
				688FD30123EE1937005B87D1 /* Views */,
				688FD30023EE12E3005B87D1 /* Controllers */,
				688FD2E223EDFD3D005B87D1 /* AppDelegate.swift */,
				688FD2E423EDFD3D005B87D1 /* SceneDelegate.swift */,
				688FD2EB23EDFD40005B87D1 /* Assets.xcassets */,
				688FD2ED23EDFD40005B87D1 /* LaunchScreen.storyboard */,
				688FD2F023EDFD40005B87D1 /* Info.plist */,
				688FD2FE23EE06D2005B87D1 /* Constants.swift */,
			);
			path = MusicSearchApp;
			sourceTree = "<group>";
		};
		688FD30023EE12E3005B87D1 /* Controllers */ = {
			isa = PBXGroup;
			children = (
				688FD2FC23EE037F005B87D1 /* SearchVC.swift */,
				688FD2FA23EE0359005B87D1 /* AppsVC.swift */,
				688FD2F823EE032E005B87D1 /* TodayVC.swift */,
				688FD2F623EDFE59005B87D1 /* BaseTabBarController.swift */,
			);
			path = Controllers;
			sourceTree = "<group>";
		};
		688FD30123EE1937005B87D1 /* Views */ = {
			isa = PBXGroup;
			children = (
				688FD30223EE19B9005B87D1 /* SearchCell.swift */,
			);
			path = Views;
			sourceTree = "<group>";
		};
		688FD30423EE234C005B87D1 /* Extensions */ = {
			isa = PBXGroup;
			children = (
				688FD30523EE2367005B87D1 /* UIView.swift */,
			);
			path = Extensions;
			sourceTree = "<group>";
		};
/* End PBXGroup section */

/* Begin PBXNativeTarget section */
		688FD2DE23EDFD3D005B87D1 /* MusicSearchApp */ = {
			isa = PBXNativeTarget;
			buildConfigurationList = 688FD2F323EDFD40005B87D1 /* Build configuration list for PBXNativeTarget "MusicSearchApp" */;
			buildPhases = (
				688FD2DB23EDFD3D005B87D1 /* Sources */,
				688FD2DC23EDFD3D005B87D1 /* Frameworks */,
				688FD2DD23EDFD3D005B87D1 /* Resources */,
			);
			buildRules = (
			);
			dependencies = (
			);
			name = MusicSearchApp;
			productName = MusicSearchApp;
			productReference = 688FD2DF23EDFD3D005B87D1 /* MusicSearchApp.app */;
			productType = "com.apple.product-type.application";
		};
/* End PBXNativeTarget section */

/* Begin PBXProject section */
		688FD2D723EDFD3D005B87D1 /* Project object */ = {
			isa = PBXProject;
			attributes = {
				LastSwiftUpdateCheck = 1130;
				LastUpgradeCheck = 1130;
				ORGANIZATIONNAME = "Edgar Gonzalez Pena";
				TargetAttributes = {
					688FD2DE23EDFD3D005B87D1 = {
						CreatedOnToolsVersion = 11.3.1;
					};
				};
			};
			buildConfigurationList = 688FD2DA23EDFD3D005B87D1 /* Build configuration list for PBXProject "MusicSearchApp" */;
			compatibilityVersion = "Xcode 9.3";
			developmentRegion = en;
			hasScannedForEncodings = 0;
			knownRegions = (
				en,
				Base,
			);
			mainGroup = 688FD2D623EDFD3D005B87D1;
			productRefGroup = 688FD2E023EDFD3D005B87D1 /* Products */;
			projectDirPath = "";
			projectRoot = "";
			targets = (
				688FD2DE23EDFD3D005B87D1 /* MusicSearchApp */,
			);
		};
/* End PBXProject section */

/* Begin PBXResourcesBuildPhase section */
		688FD2DD23EDFD3D005B87D1 /* Resources */ = {
			isa = PBXResourcesBuildPhase;
			buildActionMask = 2147483647;
			files = (
				688FD2EF23EDFD40005B87D1 /* LaunchScreen.storyboard in Resources */,
				688FD2EC23EDFD40005B87D1 /* Assets.xcassets in Resources */,
			);
			runOnlyForDeploymentPostprocessing = 0;
		};
/* End PBXResourcesBuildPhase section */

/* Begin PBXSourcesBuildPhase section */
		688FD2DB23EDFD3D005B87D1 /* Sources */ = {
			isa = PBXSourcesBuildPhase;
			buildActionMask = 2147483647;
			files = (
				688FD2F723EDFE59005B87D1 /* BaseTabBarController.swift in Sources */,
				688FD30323EE19B9005B87D1 /* SearchCell.swift in Sources */,
				688FD30623EE2367005B87D1 /* UIView.swift in Sources */,
				688FD2F923EE032E005B87D1 /* TodayVC.swift in Sources */,
				688FD2E323EDFD3D005B87D1 /* AppDelegate.swift in Sources */,
				688FD2FB23EE0359005B87D1 /* AppsVC.swift in Sources */,
				688FD2E523EDFD3D005B87D1 /* SceneDelegate.swift in Sources */,
				688FD2FD23EE037F005B87D1 /* SearchVC.swift in Sources */,
				688FD2FF23EE06D2005B87D1 /* Constants.swift in Sources */,
			);
			runOnlyForDeploymentPostprocessing = 0;
		};
/* End PBXSourcesBuildPhase section */

/* Begin PBXVariantGroup section */
		688FD2ED23EDFD40005B87D1 /* LaunchScreen.storyboard */ = {
			isa = PBXVariantGroup;
			children = (
				688FD2EE23EDFD40005B87D1 /* Base */,
			);
			name = LaunchScreen.storyboard;
			sourceTree = "<group>";
		};
/* End PBXVariantGroup section */

/* Begin XCBuildConfiguration section */
		688FD2F123EDFD40005B87D1 /* Debug */ = {
			isa = XCBuildConfiguration;
			buildSettings = {
				ALWAYS_SEARCH_USER_PATHS = NO;
				CLANG_ANALYZER_NONNULL = YES;
				CLANG_ANALYZER_NUMBER_OBJECT_CONVERSION = YES_AGGRESSIVE;
				CLANG_CXX_LANGUAGE_STANDARD = "gnu++14";
				CLANG_CXX_LIBRARY = "libc++";
				CLANG_ENABLE_MODULES = YES;
				CLANG_ENABLE_OBJC_ARC = YES;
				CLANG_ENABLE_OBJC_WEAK = YES;
				CLANG_WARN_BLOCK_CAPTURE_AUTORELEASING = YES;
				CLANG_WARN_BOOL_CONVERSION = YES;
				CLANG_WARN_COMMA = YES;
				CLANG_WARN_CONSTANT_CONVERSION = YES;
				CLANG_WARN_DEPRECATED_OBJC_IMPLEMENTATIONS = YES;
				CLANG_WARN_DIRECT_OBJC_ISA_USAGE = YES_ERROR;
				CLANG_WARN_DOCUMENTATION_COMMENTS = YES;
				CLANG_WARN_EMPTY_BODY = YES;
				CLANG_WARN_ENUM_CONVERSION = YES;
				CLANG_WARN_INFINITE_RECURSION = YES;
				CLANG_WARN_INT_CONVERSION = YES;
				CLANG_WARN_NON_LITERAL_NULL_CONVERSION = YES;
				CLANG_WARN_OBJC_IMPLICIT_RETAIN_SELF = YES;
				CLANG_WARN_OBJC_LITERAL_CONVERSION = YES;
				CLANG_WARN_OBJC_ROOT_CLASS = YES_ERROR;
				CLANG_WARN_RANGE_LOOP_ANALYSIS = YES;
				CLANG_WARN_STRICT_PROTOTYPES = YES;
				CLANG_WARN_SUSPICIOUS_MOVE = YES;
				CLANG_WARN_UNGUARDED_AVAILABILITY = YES_AGGRESSIVE;
				CLANG_WARN_UNREACHABLE_CODE = YES;
				CLANG_WARN__DUPLICATE_METHOD_MATCH = YES;
				COPY_PHASE_STRIP = NO;
				DEBUG_INFORMATION_FORMAT = dwarf;
				ENABLE_STRICT_OBJC_MSGSEND = YES;
				ENABLE_TESTABILITY = YES;
				GCC_C_LANGUAGE_STANDARD = gnu11;
				GCC_DYNAMIC_NO_PIC = NO;
				GCC_NO_COMMON_BLOCKS = YES;
				GCC_OPTIMIZATION_LEVEL = 0;
				GCC_PREPROCESSOR_DEFINITIONS = (
					"DEBUG=1",
					"$(inherited)",
				);
				GCC_WARN_64_TO_32_BIT_CONVERSION = YES;
				GCC_WARN_ABOUT_RETURN_TYPE = YES_ERROR;
				GCC_WARN_UNDECLARED_SELECTOR = YES;
				GCC_WARN_UNINITIALIZED_AUTOS = YES_AGGRESSIVE;
				GCC_WARN_UNUSED_FUNCTION = YES;
				GCC_WARN_UNUSED_VARIABLE = YES;
				IPHONEOS_DEPLOYMENT_TARGET = 13.2;
				MTL_ENABLE_DEBUG_INFO = INCLUDE_SOURCE;
				MTL_FAST_MATH = YES;
				ONLY_ACTIVE_ARCH = YES;
				SDKROOT = iphoneos;
				SWIFT_ACTIVE_COMPILATION_CONDITIONS = DEBUG;
				SWIFT_OPTIMIZATION_LEVEL = "-Onone";
			};
			name = Debug;
		};
		688FD2F223EDFD40005B87D1 /* Release */ = {
			isa = XCBuildConfiguration;
			buildSettings = {
				ALWAYS_SEARCH_USER_PATHS = NO;
				CLANG_ANALYZER_NONNULL = YES;
				CLANG_ANALYZER_NUMBER_OBJECT_CONVERSION = YES_AGGRESSIVE;
				CLANG_CXX_LANGUAGE_STANDARD = "gnu++14";
				CLANG_CXX_LIBRARY = "libc++";
				CLANG_ENABLE_MODULES = YES;
				CLANG_ENABLE_OBJC_ARC = YES;
				CLANG_ENABLE_OBJC_WEAK = YES;
				CLANG_WARN_BLOCK_CAPTURE_AUTORELEASING = YES;
				CLANG_WARN_BOOL_CONVERSION = YES;
				CLANG_WARN_COMMA = YES;
				CLANG_WARN_CONSTANT_CONVERSION = YES;
				CLANG_WARN_DEPRECATED_OBJC_IMPLEMENTATIONS = YES;
				CLANG_WARN_DIRECT_OBJC_ISA_USAGE = YES_ERROR;
				CLANG_WARN_DOCUMENTATION_COMMENTS = YES;
				CLANG_WARN_EMPTY_BODY = YES;
				CLANG_WARN_ENUM_CONVERSION = YES;
				CLANG_WARN_INFINITE_RECURSION = YES;
				CLANG_WARN_INT_CONVERSION = YES;
				CLANG_WARN_NON_LITERAL_NULL_CONVERSION = YES;
				CLANG_WARN_OBJC_IMPLICIT_RETAIN_SELF = YES;
				CLANG_WARN_OBJC_LITERAL_CONVERSION = YES;
				CLANG_WARN_OBJC_ROOT_CLASS = YES_ERROR;
				CLANG_WARN_RANGE_LOOP_ANALYSIS = YES;
				CLANG_WARN_STRICT_PROTOTYPES = YES;
				CLANG_WARN_SUSPICIOUS_MOVE = YES;
				CLANG_WARN_UNGUARDED_AVAILABILITY = YES_AGGRESSIVE;
				CLANG_WARN_UNREACHABLE_CODE = YES;
				CLANG_WARN__DUPLICATE_METHOD_MATCH = YES;
				COPY_PHASE_STRIP = NO;
				DEBUG_INFORMATION_FORMAT = "dwarf-with-dsym";
				ENABLE_NS_ASSERTIONS = NO;
				ENABLE_STRICT_OBJC_MSGSEND = YES;
				GCC_C_LANGUAGE_STANDARD = gnu11;
				GCC_NO_COMMON_BLOCKS = YES;
				GCC_WARN_64_TO_32_BIT_CONVERSION = YES;
				GCC_WARN_ABOUT_RETURN_TYPE = YES_ERROR;
				GCC_WARN_UNDECLARED_SELECTOR = YES;
				GCC_WARN_UNINITIALIZED_AUTOS = YES_AGGRESSIVE;
				GCC_WARN_UNUSED_FUNCTION = YES;
				GCC_WARN_UNUSED_VARIABLE = YES;
				IPHONEOS_DEPLOYMENT_TARGET = 13.2;
				MTL_ENABLE_DEBUG_INFO = NO;
				MTL_FAST_MATH = YES;
				SDKROOT = iphoneos;
				SWIFT_COMPILATION_MODE = wholemodule;
				SWIFT_OPTIMIZATION_LEVEL = "-O";
				VALIDATE_PRODUCT = YES;
			};
			name = Release;
		};
		688FD2F423EDFD40005B87D1 /* Debug */ = {
			isa = XCBuildConfiguration;
			buildSettings = {
				ASSETCATALOG_COMPILER_APPICON_NAME = AppIcon;
				CODE_SIGN_STYLE = Automatic;
				DEVELOPMENT_TEAM = 6CCCPR4NGB;
				INFOPLIST_FILE = MusicSearchApp/Info.plist;
				LD_RUNPATH_SEARCH_PATHS = (
					"$(inherited)",
					"@executable_path/Frameworks",
				);
				PRODUCT_BUNDLE_IDENTIFIER = com.edgar.gonzalez.MusicSearchApp;
				PRODUCT_NAME = "$(TARGET_NAME)";
				SWIFT_VERSION = 5.0;
				TARGETED_DEVICE_FAMILY = "1,2";
			};
			name = Debug;
		};
		688FD2F523EDFD40005B87D1 /* Release */ = {
			isa = XCBuildConfiguration;
			buildSettings = {
				ASSETCATALOG_COMPILER_APPICON_NAME = AppIcon;
				CODE_SIGN_STYLE = Automatic;
				DEVELOPMENT_TEAM = 6CCCPR4NGB;
				INFOPLIST_FILE = MusicSearchApp/Info.plist;
				LD_RUNPATH_SEARCH_PATHS = (
					"$(inherited)",
					"@executable_path/Frameworks",
				);
				PRODUCT_BUNDLE_IDENTIFIER = com.edgar.gonzalez.MusicSearchApp;
				PRODUCT_NAME = "$(TARGET_NAME)";
				SWIFT_VERSION = 5.0;
				TARGETED_DEVICE_FAMILY = "1,2";
			};
			name = Release;
		};
/* End XCBuildConfiguration section */

/* Begin XCConfigurationList section */
		688FD2DA23EDFD3D005B87D1 /* Build configuration list for PBXProject "MusicSearchApp" */ = {
			isa = XCConfigurationList;
			buildConfigurations = (
				688FD2F123EDFD40005B87D1 /* Debug */,
				688FD2F223EDFD40005B87D1 /* Release */,
			);
			defaultConfigurationIsVisible = 0;
			defaultConfigurationName = Release;
		};
		688FD2F323EDFD40005B87D1 /* Build configuration list for PBXNativeTarget "MusicSearchApp" */ = {
			isa = XCConfigurationList;
			buildConfigurations = (
				688FD2F423EDFD40005B87D1 /* Debug */,
				688FD2F523EDFD40005B87D1 /* Release */,
			);
			defaultConfigurationIsVisible = 0;
			defaultConfigurationName = Release;
		};
/* End XCConfigurationList section */
	};
	rootObject = 688FD2D723EDFD3D005B87D1 /* Project object */;
}
