// !$*UTF8*$!
{
	archiveVersion = 1;
	classes = {
	};
	objectVersion = 52;
	objects = {

/* Begin PBXBuildFile section */
		6814C36323F05FE3001E770C /* AppsHorizontalController.swift in Sources */ = {isa = PBXBuildFile; fileRef = 6814C36223F05FE3001E770C /* AppsHorizontalController.swift */; };
		6814C36723F06C6F001E770C /* Common+Ext.swift in Sources */ = {isa = PBXBuildFile; fileRef = 6814C36623F06C6F001E770C /* Common+Ext.swift */; };
		6814C36A23F06F91001E770C /* TodayController.swift in Sources */ = {isa = PBXBuildFile; fileRef = 6814C36923F06F91001E770C /* TodayController.swift */; };
		6814C36C23F06FBD001E770C /* SearchResultCell.swift in Sources */ = {isa = PBXBuildFile; fileRef = 6814C36B23F06FBD001E770C /* SearchResultCell.swift */; };
		6814C36E23F07157001E770C /* AppsGroupCell.swift in Sources */ = {isa = PBXBuildFile; fileRef = 6814C36D23F07157001E770C /* AppsGroupCell.swift */; };
		6814C37023F0718E001E770C /* AppRowCell.swift in Sources */ = {isa = PBXBuildFile; fileRef = 6814C36F23F0718E001E770C /* AppRowCell.swift */; };
		6814C37223F081FE001E770C /* AppsPageHeader.swift in Sources */ = {isa = PBXBuildFile; fileRef = 6814C37123F081FE001E770C /* AppsPageHeader.swift */; };
		6814C37423F086A0001E770C /* AppsPageController.swift in Sources */ = {isa = PBXBuildFile; fileRef = 6814C37323F086A0001E770C /* AppsPageController.swift */; };
		6826669123F351D700FD7769 /* SocialResult.swift in Sources */ = {isa = PBXBuildFile; fileRef = 6826669023F351D700FD7769 /* SocialResult.swift */; };
		684C92C623EEC3F70036673C /* VerticalStackView.swift in Sources */ = {isa = PBXBuildFile; fileRef = 684C92C523EEC3F70036673C /* VerticalStackView.swift */; };
		684C92C923EF04760036673C /* SearchResult.swift in Sources */ = {isa = PBXBuildFile; fileRef = 684C92C823EF04760036673C /* SearchResult.swift */; };
		688FD2E323EDFD3D005B87D1 /* AppDelegate.swift in Sources */ = {isa = PBXBuildFile; fileRef = 688FD2E223EDFD3D005B87D1 /* AppDelegate.swift */; };
		688FD2E523EDFD3D005B87D1 /* SceneDelegate.swift in Sources */ = {isa = PBXBuildFile; fileRef = 688FD2E423EDFD3D005B87D1 /* SceneDelegate.swift */; };
		688FD2EC23EDFD40005B87D1 /* Assets.xcassets in Resources */ = {isa = PBXBuildFile; fileRef = 688FD2EB23EDFD40005B87D1 /* Assets.xcassets */; };
		688FD2EF23EDFD40005B87D1 /* LaunchScreen.storyboard in Resources */ = {isa = PBXBuildFile; fileRef = 688FD2ED23EDFD40005B87D1 /* LaunchScreen.storyboard */; };
		688FD2F723EDFE59005B87D1 /* BaseTabBarController.swift in Sources */ = {isa = PBXBuildFile; fileRef = 688FD2F623EDFE59005B87D1 /* BaseTabBarController.swift */; };
		688FD2FD23EE037F005B87D1 /* SearchController.swift in Sources */ = {isa = PBXBuildFile; fileRef = 688FD2FC23EE037F005B87D1 /* SearchController.swift */; };
		688FD2FF23EE06D2005B87D1 /* Constants.swift in Sources */ = {isa = PBXBuildFile; fileRef = 688FD2FE23EE06D2005B87D1 /* Constants.swift */; };
		688FD30623EE2367005B87D1 /* UIView+Ext.swift in Sources */ = {isa = PBXBuildFile; fileRef = 688FD30523EE2367005B87D1 /* UIView+Ext.swift */; };
		68EE2D8523F08E8400369C5C /* AppsHeaderHorizontalController.swift in Sources */ = {isa = PBXBuildFile; fileRef = 68EE2D8423F08E8400369C5C /* AppsHeaderHorizontalController.swift */; };
		68EE2D8723F091C200369C5C /* AppHeaderCell.swift in Sources */ = {isa = PBXBuildFile; fileRef = 68EE2D8623F091C200369C5C /* AppHeaderCell.swift */; };
		68EE2D8923F0B43C00369C5C /* AppsResult.swift in Sources */ = {isa = PBXBuildFile; fileRef = 68EE2D8823F0B43C00369C5C /* AppsResult.swift */; };
		68F2BDE923EF29D200F26E2F /* ITunesService.swift in Sources */ = {isa = PBXBuildFile; fileRef = 68F2BDE823EF29D200F26E2F /* ITunesService.swift */; };
		68F2BDEC23EF2EAB00F26E2F /* SDWebImage in Frameworks */ = {isa = PBXBuildFile; productRef = 68F2BDEB23EF2EAB00F26E2F /* SDWebImage */; };
		68F2BDEE23EF2EAB00F26E2F /* SDWebImageMapKit in Frameworks */ = {isa = PBXBuildFile; productRef = 68F2BDED23EF2EAB00F26E2F /* SDWebImageMapKit */; };
		68F2BDF023EF9BC500F26E2F /* BaseListController.swift in Sources */ = {isa = PBXBuildFile; fileRef = 68F2BDEF23EF9BC500F26E2F /* BaseListController.swift */; };
/* End PBXBuildFile section */

/* Begin PBXFileReference section */
		6814C36223F05FE3001E770C /* AppsHorizontalController.swift */ = {isa = PBXFileReference; lastKnownFileType = sourcecode.swift; name = AppsHorizontalController.swift; path = ../../Controllers/Apps/AppsHorizontalController.swift; sourceTree = "<group>"; };
		6814C36623F06C6F001E770C /* Common+Ext.swift */ = {isa = PBXFileReference; lastKnownFileType = sourcecode.swift; path = "Common+Ext.swift"; sourceTree = "<group>"; };
		6814C36923F06F91001E770C /* TodayController.swift */ = {isa = PBXFileReference; fileEncoding = 4; lastKnownFileType = sourcecode.swift; path = TodayController.swift; sourceTree = "<group>"; };
		6814C36B23F06FBD001E770C /* SearchResultCell.swift */ = {isa = PBXFileReference; fileEncoding = 4; lastKnownFileType = sourcecode.swift; path = SearchResultCell.swift; sourceTree = "<group>"; };
		6814C36D23F07157001E770C /* AppsGroupCell.swift */ = {isa = PBXFileReference; fileEncoding = 4; lastKnownFileType = sourcecode.swift; path = AppsGroupCell.swift; sourceTree = "<group>"; };
		6814C36F23F0718E001E770C /* AppRowCell.swift */ = {isa = PBXFileReference; lastKnownFileType = sourcecode.swift; path = AppRowCell.swift; sourceTree = "<group>"; };
		6814C37123F081FE001E770C /* AppsPageHeader.swift */ = {isa = PBXFileReference; lastKnownFileType = sourcecode.swift; path = AppsPageHeader.swift; sourceTree = "<group>"; };
		6814C37323F086A0001E770C /* AppsPageController.swift */ = {isa = PBXFileReference; fileEncoding = 4; lastKnownFileType = sourcecode.swift; path = AppsPageController.swift; sourceTree = "<group>"; };
		6826669023F351D700FD7769 /* SocialResult.swift */ = {isa = PBXFileReference; lastKnownFileType = sourcecode.swift; path = SocialResult.swift; sourceTree = "<group>"; };
		684C92C523EEC3F70036673C /* VerticalStackView.swift */ = {isa = PBXFileReference; lastKnownFileType = sourcecode.swift; path = VerticalStackView.swift; sourceTree = "<group>"; };
		684C92C823EF04760036673C /* SearchResult.swift */ = {isa = PBXFileReference; lastKnownFileType = sourcecode.swift; path = SearchResult.swift; sourceTree = "<group>"; };
		688FD2DF23EDFD3D005B87D1 /* MusicSearchApp.app */ = {isa = PBXFileReference; explicitFileType = wrapper.application; includeInIndex = 0; path = MusicSearchApp.app; sourceTree = BUILT_PRODUCTS_DIR; };
		688FD2E223EDFD3D005B87D1 /* AppDelegate.swift */ = {isa = PBXFileReference; lastKnownFileType = sourcecode.swift; path = AppDelegate.swift; sourceTree = "<group>"; };
		688FD2E423EDFD3D005B87D1 /* SceneDelegate.swift */ = {isa = PBXFileReference; lastKnownFileType = sourcecode.swift; path = SceneDelegate.swift; sourceTree = "<group>"; };
		688FD2EB23EDFD40005B87D1 /* Assets.xcassets */ = {isa = PBXFileReference; lastKnownFileType = folder.assetcatalog; path = Assets.xcassets; sourceTree = "<group>"; };
		688FD2EE23EDFD40005B87D1 /* Base */ = {isa = PBXFileReference; lastKnownFileType = file.storyboard; name = Base; path = Base.lproj/LaunchScreen.storyboard; sourceTree = "<group>"; };
		688FD2F023EDFD40005B87D1 /* Info.plist */ = {isa = PBXFileReference; lastKnownFileType = text.plist.xml; path = Info.plist; sourceTree = "<group>"; };
		688FD2F623EDFE59005B87D1 /* BaseTabBarController.swift */ = {isa = PBXFileReference; lastKnownFileType = sourcecode.swift; path = BaseTabBarController.swift; sourceTree = "<group>"; };
		688FD2FC23EE037F005B87D1 /* SearchController.swift */ = {isa = PBXFileReference; lastKnownFileType = sourcecode.swift; path = SearchController.swift; sourceTree = "<group>"; };
		688FD2FE23EE06D2005B87D1 /* Constants.swift */ = {isa = PBXFileReference; lastKnownFileType = sourcecode.swift; path = Constants.swift; sourceTree = "<group>"; };
		688FD30523EE2367005B87D1 /* UIView+Ext.swift */ = {isa = PBXFileReference; lastKnownFileType = sourcecode.swift; path = "UIView+Ext.swift"; sourceTree = "<group>"; };
		68EE2D8423F08E8400369C5C /* AppsHeaderHorizontalController.swift */ = {isa = PBXFileReference; lastKnownFileType = sourcecode.swift; path = AppsHeaderHorizontalController.swift; sourceTree = "<group>"; };
		68EE2D8623F091C200369C5C /* AppHeaderCell.swift */ = {isa = PBXFileReference; lastKnownFileType = sourcecode.swift; path = AppHeaderCell.swift; sourceTree = "<group>"; };
		68EE2D8823F0B43C00369C5C /* AppsResult.swift */ = {isa = PBXFileReference; lastKnownFileType = sourcecode.swift; path = AppsResult.swift; sourceTree = "<group>"; };
		68F2BDE823EF29D200F26E2F /* ITunesService.swift */ = {isa = PBXFileReference; lastKnownFileType = sourcecode.swift; path = ITunesService.swift; sourceTree = "<group>"; };
		68F2BDEF23EF9BC500F26E2F /* BaseListController.swift */ = {isa = PBXFileReference; lastKnownFileType = sourcecode.swift; path = BaseListController.swift; sourceTree = "<group>"; };
/* End PBXFileReference section */

/* Begin PBXFrameworksBuildPhase section */
		688FD2DC23EDFD3D005B87D1 /* Frameworks */ = {
			isa = PBXFrameworksBuildPhase;
			buildActionMask = 2147483647;
			files = (
				68F2BDEE23EF2EAB00F26E2F /* SDWebImageMapKit in Frameworks */,
				68F2BDEC23EF2EAB00F26E2F /* SDWebImage in Frameworks */,
			);
			runOnlyForDeploymentPostprocessing = 0;
		};
/* End PBXFrameworksBuildPhase section */

/* Begin PBXGroup section */
		6814C36423F06A47001E770C /* Apps */ = {
			isa = PBXGroup;
			children = (
				6814C36223F05FE3001E770C /* AppsHorizontalController.swift */,
				6814C36D23F07157001E770C /* AppsGroupCell.swift */,
				6814C36F23F0718E001E770C /* AppRowCell.swift */,
				6814C37123F081FE001E770C /* AppsPageHeader.swift */,
				68EE2D8423F08E8400369C5C /* AppsHeaderHorizontalController.swift */,
				68EE2D8623F091C200369C5C /* AppHeaderCell.swift */,
			);
			path = Apps;
			sourceTree = "<group>";
		};
		6814C36823F06E66001E770C /* Search */ = {
			isa = PBXGroup;
			children = (
				6814C36B23F06FBD001E770C /* SearchResultCell.swift */,
			);
			path = Search;
			sourceTree = "<group>";
		};
		6826668F23F3459700FD7769 /* Extensions */ = {
			isa = PBXGroup;
			children = (
				688FD30523EE2367005B87D1 /* UIView+Ext.swift */,
				6814C36623F06C6F001E770C /* Common+Ext.swift */,
			);
			path = Extensions;
			sourceTree = "<group>";
		};
		684C92C723EF045B0036673C /* Models */ = {
			isa = PBXGroup;
			children = (
				684C92C823EF04760036673C /* SearchResult.swift */,
				68EE2D8823F0B43C00369C5C /* AppsResult.swift */,
				6826669023F351D700FD7769 /* SocialResult.swift */,
			);
			path = Models;
			sourceTree = "<group>";
		};
		688FD2D623EDFD3D005B87D1 = {
			isa = PBXGroup;
			children = (
				688FD2E123EDFD3D005B87D1 /* MusicSearchApp */,
				688FD2E023EDFD3D005B87D1 /* Products */,
			);
			sourceTree = "<group>";
		};
		688FD2E023EDFD3D005B87D1 /* Products */ = {
			isa = PBXGroup;
			children = (
				688FD2DF23EDFD3D005B87D1 /* MusicSearchApp.app */,
			);
			name = Products;
			sourceTree = "<group>";
		};
		688FD2E123EDFD3D005B87D1 /* MusicSearchApp */ = {
			isa = PBXGroup;
			children = (
				6826668F23F3459700FD7769 /* Extensions */,
				68F2BDE723EF29B200F26E2F /* Services */,
				684C92C723EF045B0036673C /* Models */,
				688FD30423EE234C005B87D1 /* Helpers */,
				688FD30123EE1937005B87D1 /* Views */,
				688FD30023EE12E3005B87D1 /* Controllers */,
				688FD2E223EDFD3D005B87D1 /* AppDelegate.swift */,
				688FD2E423EDFD3D005B87D1 /* SceneDelegate.swift */,
				688FD2EB23EDFD40005B87D1 /* Assets.xcassets */,
				688FD2ED23EDFD40005B87D1 /* LaunchScreen.storyboard */,
				688FD2F023EDFD40005B87D1 /* Info.plist */,
			);
			path = MusicSearchApp;
			sourceTree = "<group>";
		};
		688FD30023EE12E3005B87D1 /* Controllers */ = {
			isa = PBXGroup;
			children = (
				68F2BDF523EF9FB200F26E2F /* Today */,
				68F2BDF223EF9E3000F26E2F /* Apps */,
				68F2BDF123EF9E1C00F26E2F /* Search */,
				688FD2F623EDFE59005B87D1 /* BaseTabBarController.swift */,
				68F2BDEF23EF9BC500F26E2F /* BaseListController.swift */,
			);
			path = Controllers;
			sourceTree = "<group>";
		};
		688FD30123EE1937005B87D1 /* Views */ = {
			isa = PBXGroup;
			children = (
				6814C36823F06E66001E770C /* Search */,
				6814C36423F06A47001E770C /* Apps */,
				684C92C523EEC3F70036673C /* VerticalStackView.swift */,
			);
			path = Views;
			sourceTree = "<group>";
		};
		688FD30423EE234C005B87D1 /* Helpers */ = {
			isa = PBXGroup;
			children = (
				688FD2FE23EE06D2005B87D1 /* Constants.swift */,
			);
			path = Helpers;
			sourceTree = "<group>";
		};
		68F2BDE723EF29B200F26E2F /* Services */ = {
			isa = PBXGroup;
			children = (
				68F2BDE823EF29D200F26E2F /* ITunesService.swift */,
			);
			path = Services;
			sourceTree = "<group>";
		};
		68F2BDF123EF9E1C00F26E2F /* Search */ = {
			isa = PBXGroup;
			children = (
				688FD2FC23EE037F005B87D1 /* SearchController.swift */,
			);
			path = Search;
			sourceTree = "<group>";
		};
		68F2BDF223EF9E3000F26E2F /* Apps */ = {
			isa = PBXGroup;
			children = (
				6814C37323F086A0001E770C /* AppsPageController.swift */,
			);
			path = Apps;
			sourceTree = "<group>";
		};
		68F2BDF523EF9FB200F26E2F /* Today */ = {
			isa = PBXGroup;
			children = (
				6814C36923F06F91001E770C /* TodayController.swift */,
			);
			path = Today;
			sourceTree = "<group>";
		};
/* End PBXGroup section */

/* Begin PBXNativeTarget section */
		688FD2DE23EDFD3D005B87D1 /* MusicSearchApp */ = {
			isa = PBXNativeTarget;
			buildConfigurationList = 688FD2F323EDFD40005B87D1 /* Build configuration list for PBXNativeTarget "MusicSearchApp" */;
			buildPhases = (
				688FD2DB23EDFD3D005B87D1 /* Sources */,
				688FD2DC23EDFD3D005B87D1 /* Frameworks */,
				688FD2DD23EDFD3D005B87D1 /* Resources */,
			);
			buildRules = (
			);
			dependencies = (
			);
			name = MusicSearchApp;
			packageProductDependencies = (
				68F2BDEB23EF2EAB00F26E2F /* SDWebImage */,
				68F2BDED23EF2EAB00F26E2F /* SDWebImageMapKit */,
			);
			productName = MusicSearchApp;
			productReference = 688FD2DF23EDFD3D005B87D1 /* MusicSearchApp.app */;
			productType = "com.apple.product-type.application";
		};
/* End PBXNativeTarget section */

/* Begin PBXProject section */
		688FD2D723EDFD3D005B87D1 /* Project object */ = {
			isa = PBXProject;
			attributes = {
				LastSwiftUpdateCheck = 1130;
				LastUpgradeCheck = 1130;
				ORGANIZATIONNAME = "Edgar Gonzalez Pena";
				TargetAttributes = {
					688FD2DE23EDFD3D005B87D1 = {
						CreatedOnToolsVersion = 11.3.1;
					};
				};
			};
			buildConfigurationList = 688FD2DA23EDFD3D005B87D1 /* Build configuration list for PBXProject "MusicSearchApp" */;
			compatibilityVersion = "Xcode 9.3";
			developmentRegion = en;
			hasScannedForEncodings = 0;
			knownRegions = (
				en,
				Base,
			);
			mainGroup = 688FD2D623EDFD3D005B87D1;
			packageReferences = (
				68F2BDEA23EF2EAB00F26E2F /* XCRemoteSwiftPackageReference "SDWebImage" */,
			);
			productRefGroup = 688FD2E023EDFD3D005B87D1 /* Products */;
			projectDirPath = "";
			projectRoot = "";
			targets = (
				688FD2DE23EDFD3D005B87D1 /* MusicSearchApp */,
			);
		};
/* End PBXProject section */

/* Begin PBXResourcesBuildPhase section */
		688FD2DD23EDFD3D005B87D1 /* Resources */ = {
			isa = PBXResourcesBuildPhase;
			buildActionMask = 2147483647;
			files = (
				688FD2EF23EDFD40005B87D1 /* LaunchScreen.storyboard in Resources */,
				688FD2EC23EDFD40005B87D1 /* Assets.xcassets in Resources */,
			);
			runOnlyForDeploymentPostprocessing = 0;
		};
/* End PBXResourcesBuildPhase section */

/* Begin PBXSourcesBuildPhase section */
		688FD2DB23EDFD3D005B87D1 /* Sources */ = {
			isa = PBXSourcesBuildPhase;
			buildActionMask = 2147483647;
			files = (
				684C92C923EF04760036673C /* SearchResult.swift in Sources */,
				688FD2F723EDFE59005B87D1 /* BaseTabBarController.swift in Sources */,
				688FD30623EE2367005B87D1 /* UIView+Ext.swift in Sources */,
				6814C36A23F06F91001E770C /* TodayController.swift in Sources */,
				6814C36323F05FE3001E770C /* AppsHorizontalController.swift in Sources */,
				6814C36C23F06FBD001E770C /* SearchResultCell.swift in Sources */,
				688FD2E323EDFD3D005B87D1 /* AppDelegate.swift in Sources */,
				6814C37423F086A0001E770C /* AppsPageController.swift in Sources */,
				68F2BDE923EF29D200F26E2F /* ITunesService.swift in Sources */,
				68EE2D8923F0B43C00369C5C /* AppsResult.swift in Sources */,
				68F2BDF023EF9BC500F26E2F /* BaseListController.swift in Sources */,
				68EE2D8523F08E8400369C5C /* AppsHeaderHorizontalController.swift in Sources */,
				6814C36723F06C6F001E770C /* Common+Ext.swift in Sources */,
				6826669123F351D700FD7769 /* SocialResult.swift in Sources */,
				68EE2D8723F091C200369C5C /* AppHeaderCell.swift in Sources */,
				688FD2E523EDFD3D005B87D1 /* SceneDelegate.swift in Sources */,
				688FD2FD23EE037F005B87D1 /* SearchController.swift in Sources */,
				688FD2FF23EE06D2005B87D1 /* Constants.swift in Sources */,
				684C92C623EEC3F70036673C /* VerticalStackView.swift in Sources */,
				6814C37223F081FE001E770C /* AppsPageHeader.swift in Sources */,
				6814C36E23F07157001E770C /* AppsGroupCell.swift in Sources */,
				6814C37023F0718E001E770C /* AppRowCell.swift in Sources */,
			);
			runOnlyForDeploymentPostprocessing = 0;
		};
/* End PBXSourcesBuildPhase section */

/* Begin PBXVariantGroup section */
		688FD2ED23EDFD40005B87D1 /* LaunchScreen.storyboard */ = {
			isa = PBXVariantGroup;
			children = (
				688FD2EE23EDFD40005B87D1 /* Base */,
			);
			name = LaunchScreen.storyboard;
			sourceTree = "<group>";
		};
/* End PBXVariantGroup section */

/* Begin XCBuildConfiguration section */
		688FD2F123EDFD40005B87D1 /* Debug */ = {
			isa = XCBuildConfiguration;
			buildSettings = {
				ALWAYS_SEARCH_USER_PATHS = NO;
				CLANG_ANALYZER_NONNULL = YES;
				CLANG_ANALYZER_NUMBER_OBJECT_CONVERSION = YES_AGGRESSIVE;
				CLANG_CXX_LANGUAGE_STANDARD = "gnu++14";
				CLANG_CXX_LIBRARY = "libc++";
				CLANG_ENABLE_MODULES = YES;
				CLANG_ENABLE_OBJC_ARC = YES;
				CLANG_ENABLE_OBJC_WEAK = YES;
				CLANG_WARN_BLOCK_CAPTURE_AUTORELEASING = YES;
				CLANG_WARN_BOOL_CONVERSION = YES;
				CLANG_WARN_COMMA = YES;
				CLANG_WARN_CONSTANT_CONVERSION = YES;
				CLANG_WARN_DEPRECATED_OBJC_IMPLEMENTATIONS = YES;
				CLANG_WARN_DIRECT_OBJC_ISA_USAGE = YES_ERROR;
				CLANG_WARN_DOCUMENTATION_COMMENTS = YES;
				CLANG_WARN_EMPTY_BODY = YES;
				CLANG_WARN_ENUM_CONVERSION = YES;
				CLANG_WARN_INFINITE_RECURSION = YES;
				CLANG_WARN_INT_CONVERSION = YES;
				CLANG_WARN_NON_LITERAL_NULL_CONVERSION = YES;
				CLANG_WARN_OBJC_IMPLICIT_RETAIN_SELF = YES;
				CLANG_WARN_OBJC_LITERAL_CONVERSION = YES;
				CLANG_WARN_OBJC_ROOT_CLASS = YES_ERROR;
				CLANG_WARN_RANGE_LOOP_ANALYSIS = YES;
				CLANG_WARN_STRICT_PROTOTYPES = YES;
				CLANG_WARN_SUSPICIOUS_MOVE = YES;
				CLANG_WARN_UNGUARDED_AVAILABILITY = YES_AGGRESSIVE;
				CLANG_WARN_UNREACHABLE_CODE = YES;
				CLANG_WARN__DUPLICATE_METHOD_MATCH = YES;
				COPY_PHASE_STRIP = NO;
				DEBUG_INFORMATION_FORMAT = dwarf;
				ENABLE_STRICT_OBJC_MSGSEND = YES;
				ENABLE_TESTABILITY = YES;
				GCC_C_LANGUAGE_STANDARD = gnu11;
				GCC_DYNAMIC_NO_PIC = NO;
				GCC_NO_COMMON_BLOCKS = YES;
				GCC_OPTIMIZATION_LEVEL = 0;
				GCC_PREPROCESSOR_DEFINITIONS = (
					"DEBUG=1",
					"$(inherited)",
				);
				GCC_WARN_64_TO_32_BIT_CONVERSION = YES;
				GCC_WARN_ABOUT_RETURN_TYPE = YES_ERROR;
				GCC_WARN_UNDECLARED_SELECTOR = YES;
				GCC_WARN_UNINITIALIZED_AUTOS = YES_AGGRESSIVE;
				GCC_WARN_UNUSED_FUNCTION = YES;
				GCC_WARN_UNUSED_VARIABLE = YES;
				IPHONEOS_DEPLOYMENT_TARGET = 13.2;
				MTL_ENABLE_DEBUG_INFO = INCLUDE_SOURCE;
				MTL_FAST_MATH = YES;
				ONLY_ACTIVE_ARCH = YES;
				SDKROOT = iphoneos;
				SWIFT_ACTIVE_COMPILATION_CONDITIONS = DEBUG;
				SWIFT_OPTIMIZATION_LEVEL = "-Onone";
			};
			name = Debug;
		};
		688FD2F223EDFD40005B87D1 /* Release */ = {
			isa = XCBuildConfiguration;
			buildSettings = {
				ALWAYS_SEARCH_USER_PATHS = NO;
				CLANG_ANALYZER_NONNULL = YES;
				CLANG_ANALYZER_NUMBER_OBJECT_CONVERSION = YES_AGGRESSIVE;
				CLANG_CXX_LANGUAGE_STANDARD = "gnu++14";
				CLANG_CXX_LIBRARY = "libc++";
				CLANG_ENABLE_MODULES = YES;
				CLANG_ENABLE_OBJC_ARC = YES;
				CLANG_ENABLE_OBJC_WEAK = YES;
				CLANG_WARN_BLOCK_CAPTURE_AUTORELEASING = YES;
				CLANG_WARN_BOOL_CONVERSION = YES;
				CLANG_WARN_COMMA = YES;
				CLANG_WARN_CONSTANT_CONVERSION = YES;
				CLANG_WARN_DEPRECATED_OBJC_IMPLEMENTATIONS = YES;
				CLANG_WARN_DIRECT_OBJC_ISA_USAGE = YES_ERROR;
				CLANG_WARN_DOCUMENTATION_COMMENTS = YES;
				CLANG_WARN_EMPTY_BODY = YES;
				CLANG_WARN_ENUM_CONVERSION = YES;
				CLANG_WARN_INFINITE_RECURSION = YES;
				CLANG_WARN_INT_CONVERSION = YES;
				CLANG_WARN_NON_LITERAL_NULL_CONVERSION = YES;
				CLANG_WARN_OBJC_IMPLICIT_RETAIN_SELF = YES;
				CLANG_WARN_OBJC_LITERAL_CONVERSION = YES;
				CLANG_WARN_OBJC_ROOT_CLASS = YES_ERROR;
				CLANG_WARN_RANGE_LOOP_ANALYSIS = YES;
				CLANG_WARN_STRICT_PROTOTYPES = YES;
				CLANG_WARN_SUSPICIOUS_MOVE = YES;
				CLANG_WARN_UNGUARDED_AVAILABILITY = YES_AGGRESSIVE;
				CLANG_WARN_UNREACHABLE_CODE = YES;
				CLANG_WARN__DUPLICATE_METHOD_MATCH = YES;
				COPY_PHASE_STRIP = NO;
				DEBUG_INFORMATION_FORMAT = "dwarf-with-dsym";
				ENABLE_NS_ASSERTIONS = NO;
				ENABLE_STRICT_OBJC_MSGSEND = YES;
				GCC_C_LANGUAGE_STANDARD = gnu11;
				GCC_NO_COMMON_BLOCKS = YES;
				GCC_WARN_64_TO_32_BIT_CONVERSION = YES;
				GCC_WARN_ABOUT_RETURN_TYPE = YES_ERROR;
				GCC_WARN_UNDECLARED_SELECTOR = YES;
				GCC_WARN_UNINITIALIZED_AUTOS = YES_AGGRESSIVE;
				GCC_WARN_UNUSED_FUNCTION = YES;
				GCC_WARN_UNUSED_VARIABLE = YES;
				IPHONEOS_DEPLOYMENT_TARGET = 13.2;
				MTL_ENABLE_DEBUG_INFO = NO;
				MTL_FAST_MATH = YES;
				SDKROOT = iphoneos;
				SWIFT_COMPILATION_MODE = wholemodule;
				SWIFT_OPTIMIZATION_LEVEL = "-O";
				VALIDATE_PRODUCT = YES;
			};
			name = Release;
		};
		688FD2F423EDFD40005B87D1 /* Debug */ = {
			isa = XCBuildConfiguration;
			buildSettings = {
				ASSETCATALOG_COMPILER_APPICON_NAME = AppIcon;
				CODE_SIGN_STYLE = Automatic;
				DEVELOPMENT_TEAM = 6CCCPR4NGB;
				INFOPLIST_FILE = MusicSearchApp/Info.plist;
				LD_RUNPATH_SEARCH_PATHS = (
					"$(inherited)",
					"@executable_path/Frameworks",
				);
				PRODUCT_BUNDLE_IDENTIFIER = com.edgar.gonzalez.MusicSearchApp;
				PRODUCT_NAME = "$(TARGET_NAME)";
				SWIFT_VERSION = 5.0;
				TARGETED_DEVICE_FAMILY = "1,2";
			};
			name = Debug;
		};
		688FD2F523EDFD40005B87D1 /* Release */ = {
			isa = XCBuildConfiguration;
			buildSettings = {
				ASSETCATALOG_COMPILER_APPICON_NAME = AppIcon;
				CODE_SIGN_STYLE = Automatic;
				DEVELOPMENT_TEAM = 6CCCPR4NGB;
				INFOPLIST_FILE = MusicSearchApp/Info.plist;
				LD_RUNPATH_SEARCH_PATHS = (
					"$(inherited)",
					"@executable_path/Frameworks",
				);
				PRODUCT_BUNDLE_IDENTIFIER = com.edgar.gonzalez.MusicSearchApp;
				PRODUCT_NAME = "$(TARGET_NAME)";
				SWIFT_VERSION = 5.0;
				TARGETED_DEVICE_FAMILY = "1,2";
			};
			name = Release;
		};
/* End XCBuildConfiguration section */

/* Begin XCConfigurationList section */
		688FD2DA23EDFD3D005B87D1 /* Build configuration list for PBXProject "MusicSearchApp" */ = {
			isa = XCConfigurationList;
			buildConfigurations = (
				688FD2F123EDFD40005B87D1 /* Debug */,
				688FD2F223EDFD40005B87D1 /* Release */,
			);
			defaultConfigurationIsVisible = 0;
			defaultConfigurationName = Release;
		};
		688FD2F323EDFD40005B87D1 /* Build configuration list for PBXNativeTarget "MusicSearchApp" */ = {
			isa = XCConfigurationList;
			buildConfigurations = (
				688FD2F423EDFD40005B87D1 /* Debug */,
				688FD2F523EDFD40005B87D1 /* Release */,
			);
			defaultConfigurationIsVisible = 0;
			defaultConfigurationName = Release;
		};
/* End XCConfigurationList section */

/* Begin XCRemoteSwiftPackageReference section */
		68F2BDEA23EF2EAB00F26E2F /* XCRemoteSwiftPackageReference "SDWebImage" */ = {
			isa = XCRemoteSwiftPackageReference;
			repositoryURL = "https://github.com/SDWebImage/SDWebImage";
			requirement = {
				kind = upToNextMajorVersion;
				minimumVersion = 5.5.2;
			};
		};
/* End XCRemoteSwiftPackageReference section */

/* Begin XCSwiftPackageProductDependency section */
		68F2BDEB23EF2EAB00F26E2F /* SDWebImage */ = {
			isa = XCSwiftPackageProductDependency;
			package = 68F2BDEA23EF2EAB00F26E2F /* XCRemoteSwiftPackageReference "SDWebImage" */;
			productName = SDWebImage;
		};
		68F2BDED23EF2EAB00F26E2F /* SDWebImageMapKit */ = {
			isa = XCSwiftPackageProductDependency;
			package = 68F2BDEA23EF2EAB00F26E2F /* XCRemoteSwiftPackageReference "SDWebImage" */;
			productName = SDWebImageMapKit;
		};
/* End XCSwiftPackageProductDependency section */
	};
	rootObject = 688FD2D723EDFD3D005B87D1 /* Project object */;
}
